
Microsoft Visual Studio Solution File, Format Version 12.00
# Visual Studio Version 16
VisualStudioVersion = 16.0.30413.136
MinimumVisualStudioVersion = 10.0.40219.1
Project("{FAE04EC0-301F-11D3-BF4B-00C04F79EFBC}") = "C_TextView", "C_TextView\C_TextView.csproj", "{FE74C90E-7D6A-4700-BC84-47B0EA6FB990}"
EndProject
Global
	GlobalSection(SolutionConfigurationPlatforms) = preSolution
		Debug|Any CPU = Debug|Any CPU
		Release|Any CPU = Release|Any CPU
	EndGlobalSection
	GlobalSection(ProjectConfigurationPlatforms) = postSolution
		{FE74C90E-7D6A-4700-BC84-47B0EA6FB990}.Debug|Any CPU.ActiveCfg = Debug|Any CPU
		{FE74C90E-7D6A-4700-BC84-47B0EA6FB990}.Debug|Any CPU.Build.0 = Debug|Any CPU
		{FE74C90E-7D6A-4700-BC84-47B0EA6FB990}.Release|Any CPU.ActiveCfg = Release|Any CPU
		{FE74C90E-7D6A-4700-BC84-47B0EA6FB990}.Release|Any CPU.Build.0 = Release|Any CPU
	EndGlobalSection
	GlobalSection(SolutionProperties) = preSolution
		HideSolutionNode = FALSE
	EndGlobalSection
	GlobalSection(ExtensibilityGlobals) = postSolution
		SolutionGuid = {E14B8B02-EB5A-4056-9624-CEA24F9CF27D}
	EndGlobalSection
EndGlobal
